
Microsoft Visual Studio Solution File, Format Version 12.00
# Visual Studio Version 17
VisualStudioVersion = 17.7.34018.315
MinimumVisualStudioVersion = 10.0.40219.1
Project("{FAE04EC0-301F-11D3-BF4B-00C04F79EFBC}") = "TARpe21ShopKoort", "TARpe21ShopKoort\TARpe21ShopKoort.csproj", "{B502290C-EB16-4224-AE43-BE874C0FE790}"
EndProject
Project("{FAE04EC0-301F-11D3-BF4B-00C04F79EFBC}") = "TARpe21ShopRisto.Data", "TARpe21ShopRisto.Data\TARpe21ShopRisto.Data.csproj", "{38742D2C-81BE-4BBB-BA3B-85EEE985E53C}"
EndProject
Project("{FAE04EC0-301F-11D3-BF4B-00C04F79EFBC}") = "TARpe21ShopRisto.Core", "TARpe21ShopRisto.Core\TARpe21ShopRisto.Core.csproj", "{080279CD-8055-4115-B6EA-31131A3134C1}"
EndProject
Project("{FAE04EC0-301F-11D3-BF4B-00C04F79EFBC}") = "TARpe21ShopRisto.ApplicationServices", "TARpe21ShopRisto.ApplicationServices\TARpe21ShopRisto.ApplicationServices.csproj", "{2B10704A-0C30-47EB-B37D-474041ECFA2E}"
EndProject
Global
	GlobalSection(SolutionConfigurationPlatforms) = preSolution
		Debug|Any CPU = Debug|Any CPU
		Release|Any CPU = Release|Any CPU
	EndGlobalSection
	GlobalSection(ProjectConfigurationPlatforms) = postSolution
		{B502290C-EB16-4224-AE43-BE874C0FE790}.Debug|Any CPU.ActiveCfg = Debug|Any CPU
		{B502290C-EB16-4224-AE43-BE874C0FE790}.Debug|Any CPU.Build.0 = Debug|Any CPU
		{B502290C-EB16-4224-AE43-BE874C0FE790}.Release|Any CPU.ActiveCfg = Release|Any CPU
		{B502290C-EB16-4224-AE43-BE874C0FE790}.Release|Any CPU.Build.0 = Release|Any CPU
		{38742D2C-81BE-4BBB-BA3B-85EEE985E53C}.Debug|Any CPU.ActiveCfg = Debug|Any CPU
		{38742D2C-81BE-4BBB-BA3B-85EEE985E53C}.Debug|Any CPU.Build.0 = Debug|Any CPU
		{38742D2C-81BE-4BBB-BA3B-85EEE985E53C}.Release|Any CPU.ActiveCfg = Release|Any CPU
		{38742D2C-81BE-4BBB-BA3B-85EEE985E53C}.Release|Any CPU.Build.0 = Release|Any CPU
		{080279CD-8055-4115-B6EA-31131A3134C1}.Debug|Any CPU.ActiveCfg = Debug|Any CPU
		{080279CD-8055-4115-B6EA-31131A3134C1}.Debug|Any CPU.Build.0 = Debug|Any CPU
		{080279CD-8055-4115-B6EA-31131A3134C1}.Release|Any CPU.ActiveCfg = Release|Any CPU
		{080279CD-8055-4115-B6EA-31131A3134C1}.Release|Any CPU.Build.0 = Release|Any CPU
		{2B10704A-0C30-47EB-B37D-474041ECFA2E}.Debug|Any CPU.ActiveCfg = Debug|Any CPU
		{2B10704A-0C30-47EB-B37D-474041ECFA2E}.Debug|Any CPU.Build.0 = Debug|Any CPU
		{2B10704A-0C30-47EB-B37D-474041ECFA2E}.Release|Any CPU.ActiveCfg = Release|Any CPU
		{2B10704A-0C30-47EB-B37D-474041ECFA2E}.Release|Any CPU.Build.0 = Release|Any CPU
	EndGlobalSection
	GlobalSection(SolutionProperties) = preSolution
		HideSolutionNode = FALSE
	EndGlobalSection
	GlobalSection(ExtensibilityGlobals) = postSolution
		SolutionGuid = {1192E7E0-7904-434A-8913-FDC5A283D9A3}
	EndGlobalSection
EndGlobal
